
Microsoft Visual Studio Solution File, Format Version 12.00
# Visual Studio 15
VisualStudioVersion = 15.0.26124.0
MinimumVisualStudioVersion = 15.0.26124.0
Project("{2150E333-8FDC-42A3-9474-1A3956D46DE8}") = "Code", "Code", "{CA892C6A-FBE9-408C-A1B2-BA491053B3EB}"
EndProject
Project("{FAE04EC0-301F-11D3-BF4B-00C04F79EFBC}") = "mongodot.Api", "Code\mongodot.Api\mongodot.Api.csproj", "{72FC373C-23D5-4904-A6F7-EEE2C992B955}"
EndProject
Project("{FAE04EC0-301F-11D3-BF4B-00C04F79EFBC}") = "mongodot.BusinessEntities", "Code\mongodot.BusinessEntities\mongodot.BusinessEntities.csproj", "{77BC0FB3-66BB-4C9E-BC9F-916084FBAE54}"
EndProject
Project("{FAE04EC0-301F-11D3-BF4B-00C04F79EFBC}") = "mongodot.BusinessServices", "Code\mongodot.BusinessServices\mongodot.BusinessServices.csproj", "{38813D0B-D3E7-4FC3-8D9A-FBF149F4B26A}"
EndProject
Project("{FAE04EC0-301F-11D3-BF4B-00C04F79EFBC}") = "mongodot.Contracts", "Code\mongodot.Contracts\mongodot.Contracts.csproj", "{7F07476F-7D27-4713-8276-A48350887606}"
EndProject
Project("{FAE04EC0-301F-11D3-BF4B-00C04F79EFBC}") = "mongodot.Data", "Code\mongodot.Data\mongodot.Data.csproj", "{6CE20D85-7498-4E6A-A2A4-D02D18A4F10A}"
EndProject
Project("{FAE04EC0-301F-11D3-BF4B-00C04F79EFBC}") = "mongodot.Test.Api", "Code\mongodot.Test.Api\mongodot.Test.Api.csproj", "{52EA5827-007C-4328-85CD-56871F41F254}"
EndProject
Project("{FAE04EC0-301F-11D3-BF4B-00C04F79EFBC}") = "mongodot.Test.Business", "Code\mongodot.Test.Business\mongodot.Test.Business.csproj", "{EDE77A5B-D5B7-43CB-9752-A147CB30955D}"
EndProject
Project("{FAE04EC0-301F-11D3-BF4B-00C04F79EFBC}") = "mongodot.Test.Framework", "Code\mongodot.Test.Framework\mongodot.Test.Framework.csproj", "{657B7A47-296E-4304-AF59-29F06F159FA4}"
EndProject
Project("{2150E333-8FDC-42A3-9474-1A3956D46DE8}") = "Test", "Test", "{500D1FE7-788D-46C6-A1BF-CF97A494E434}"
EndProject
Global
	GlobalSection(SolutionConfigurationPlatforms) = preSolution
		Debug|Any CPU = Debug|Any CPU
		Debug|x64 = Debug|x64
		Debug|x86 = Debug|x86
		Release|Any CPU = Release|Any CPU
		Release|x64 = Release|x64
		Release|x86 = Release|x86
	EndGlobalSection
	GlobalSection(SolutionProperties) = preSolution
		HideSolutionNode = FALSE
	EndGlobalSection
	GlobalSection(ProjectConfigurationPlatforms) = postSolution
		{72FC373C-23D5-4904-A6F7-EEE2C992B955}.Debug|Any CPU.ActiveCfg = Debug|Any CPU
		{72FC373C-23D5-4904-A6F7-EEE2C992B955}.Debug|Any CPU.Build.0 = Debug|Any CPU
		{72FC373C-23D5-4904-A6F7-EEE2C992B955}.Debug|x64.ActiveCfg = Debug|Any CPU
		{72FC373C-23D5-4904-A6F7-EEE2C992B955}.Debug|x64.Build.0 = Debug|Any CPU
		{72FC373C-23D5-4904-A6F7-EEE2C992B955}.Debug|x86.ActiveCfg = Debug|Any CPU
		{72FC373C-23D5-4904-A6F7-EEE2C992B955}.Debug|x86.Build.0 = Debug|Any CPU
		{72FC373C-23D5-4904-A6F7-EEE2C992B955}.Release|Any CPU.ActiveCfg = Release|Any CPU
		{72FC373C-23D5-4904-A6F7-EEE2C992B955}.Release|Any CPU.Build.0 = Release|Any CPU
		{72FC373C-23D5-4904-A6F7-EEE2C992B955}.Release|x64.ActiveCfg = Release|Any CPU
		{72FC373C-23D5-4904-A6F7-EEE2C992B955}.Release|x64.Build.0 = Release|Any CPU
		{72FC373C-23D5-4904-A6F7-EEE2C992B955}.Release|x86.ActiveCfg = Release|Any CPU
		{72FC373C-23D5-4904-A6F7-EEE2C992B955}.Release|x86.Build.0 = Release|Any CPU
		{77BC0FB3-66BB-4C9E-BC9F-916084FBAE54}.Debug|Any CPU.ActiveCfg = Debug|Any CPU
		{77BC0FB3-66BB-4C9E-BC9F-916084FBAE54}.Debug|Any CPU.Build.0 = Debug|Any CPU
		{77BC0FB3-66BB-4C9E-BC9F-916084FBAE54}.Debug|x64.ActiveCfg = Debug|Any CPU
		{77BC0FB3-66BB-4C9E-BC9F-916084FBAE54}.Debug|x64.Build.0 = Debug|Any CPU
		{77BC0FB3-66BB-4C9E-BC9F-916084FBAE54}.Debug|x86.ActiveCfg = Debug|Any CPU
		{77BC0FB3-66BB-4C9E-BC9F-916084FBAE54}.Debug|x86.Build.0 = Debug|Any CPU
		{77BC0FB3-66BB-4C9E-BC9F-916084FBAE54}.Release|Any CPU.ActiveCfg = Release|Any CPU
		{77BC0FB3-66BB-4C9E-BC9F-916084FBAE54}.Release|Any CPU.Build.0 = Release|Any CPU
		{77BC0FB3-66BB-4C9E-BC9F-916084FBAE54}.Release|x64.ActiveCfg = Release|Any CPU
		{77BC0FB3-66BB-4C9E-BC9F-916084FBAE54}.Release|x64.Build.0 = Release|Any CPU
		{77BC0FB3-66BB-4C9E-BC9F-916084FBAE54}.Release|x86.ActiveCfg = Release|Any CPU
		{77BC0FB3-66BB-4C9E-BC9F-916084FBAE54}.Release|x86.Build.0 = Release|Any CPU
		{38813D0B-D3E7-4FC3-8D9A-FBF149F4B26A}.Debug|Any CPU.ActiveCfg = Debug|Any CPU
		{38813D0B-D3E7-4FC3-8D9A-FBF149F4B26A}.Debug|Any CPU.Build.0 = Debug|Any CPU
		{38813D0B-D3E7-4FC3-8D9A-FBF149F4B26A}.Debug|x64.ActiveCfg = Debug|Any CPU
		{38813D0B-D3E7-4FC3-8D9A-FBF149F4B26A}.Debug|x64.Build.0 = Debug|Any CPU
		{38813D0B-D3E7-4FC3-8D9A-FBF149F4B26A}.Debug|x86.ActiveCfg = Debug|Any CPU
		{38813D0B-D3E7-4FC3-8D9A-FBF149F4B26A}.Debug|x86.Build.0 = Debug|Any CPU
		{38813D0B-D3E7-4FC3-8D9A-FBF149F4B26A}.Release|Any CPU.ActiveCfg = Release|Any CPU
		{38813D0B-D3E7-4FC3-8D9A-FBF149F4B26A}.Release|Any CPU.Build.0 = Release|Any CPU
		{38813D0B-D3E7-4FC3-8D9A-FBF149F4B26A}.Release|x64.ActiveCfg = Release|Any CPU
		{38813D0B-D3E7-4FC3-8D9A-FBF149F4B26A}.Release|x64.Build.0 = Release|Any CPU
		{38813D0B-D3E7-4FC3-8D9A-FBF149F4B26A}.Release|x86.ActiveCfg = Release|Any CPU
		{38813D0B-D3E7-4FC3-8D9A-FBF149F4B26A}.Release|x86.Build.0 = Release|Any CPU
		{7F07476F-7D27-4713-8276-A48350887606}.Debug|Any CPU.ActiveCfg = Debug|Any CPU
		{7F07476F-7D27-4713-8276-A48350887606}.Debug|Any CPU.Build.0 = Debug|Any CPU
		{7F07476F-7D27-4713-8276-A48350887606}.Debug|x64.ActiveCfg = Debug|Any CPU
		{7F07476F-7D27-4713-8276-A48350887606}.Debug|x64.Build.0 = Debug|Any CPU
		{7F07476F-7D27-4713-8276-A48350887606}.Debug|x86.ActiveCfg = Debug|Any CPU
		{7F07476F-7D27-4713-8276-A48350887606}.Debug|x86.Build.0 = Debug|Any CPU
		{7F07476F-7D27-4713-8276-A48350887606}.Release|Any CPU.ActiveCfg = Release|Any CPU
		{7F07476F-7D27-4713-8276-A48350887606}.Release|Any CPU.Build.0 = Release|Any CPU
		{7F07476F-7D27-4713-8276-A48350887606}.Release|x64.ActiveCfg = Release|Any CPU
		{7F07476F-7D27-4713-8276-A48350887606}.Release|x64.Build.0 = Release|Any CPU
		{7F07476F-7D27-4713-8276-A48350887606}.Release|x86.ActiveCfg = Release|Any CPU
		{7F07476F-7D27-4713-8276-A48350887606}.Release|x86.Build.0 = Release|Any CPU
		{6CE20D85-7498-4E6A-A2A4-D02D18A4F10A}.Debug|Any CPU.ActiveCfg = Debug|Any CPU
		{6CE20D85-7498-4E6A-A2A4-D02D18A4F10A}.Debug|Any CPU.Build.0 = Debug|Any CPU
		{6CE20D85-7498-4E6A-A2A4-D02D18A4F10A}.Debug|x64.ActiveCfg = Debug|Any CPU
		{6CE20D85-7498-4E6A-A2A4-D02D18A4F10A}.Debug|x64.Build.0 = Debug|Any CPU
		{6CE20D85-7498-4E6A-A2A4-D02D18A4F10A}.Debug|x86.ActiveCfg = Debug|Any CPU
		{6CE20D85-7498-4E6A-A2A4-D02D18A4F10A}.Debug|x86.Build.0 = Debug|Any CPU
		{6CE20D85-7498-4E6A-A2A4-D02D18A4F10A}.Release|Any CPU.ActiveCfg = Release|Any CPU
		{6CE20D85-7498-4E6A-A2A4-D02D18A4F10A}.Release|Any CPU.Build.0 = Release|Any CPU
		{6CE20D85-7498-4E6A-A2A4-D02D18A4F10A}.Release|x64.ActiveCfg = Release|Any CPU
		{6CE20D85-7498-4E6A-A2A4-D02D18A4F10A}.Release|x64.Build.0 = Release|Any CPU
		{6CE20D85-7498-4E6A-A2A4-D02D18A4F10A}.Release|x86.ActiveCfg = Release|Any CPU
		{6CE20D85-7498-4E6A-A2A4-D02D18A4F10A}.Release|x86.Build.0 = Release|Any CPU
		{52EA5827-007C-4328-85CD-56871F41F254}.Debug|Any CPU.ActiveCfg = Debug|Any CPU
		{52EA5827-007C-4328-85CD-56871F41F254}.Debug|Any CPU.Build.0 = Debug|Any CPU
		{52EA5827-007C-4328-85CD-56871F41F254}.Debug|x64.ActiveCfg = Debug|Any CPU
		{52EA5827-007C-4328-85CD-56871F41F254}.Debug|x64.Build.0 = Debug|Any CPU
		{52EA5827-007C-4328-85CD-56871F41F254}.Debug|x86.ActiveCfg = Debug|Any CPU
		{52EA5827-007C-4328-85CD-56871F41F254}.Debug|x86.Build.0 = Debug|Any CPU
		{52EA5827-007C-4328-85CD-56871F41F254}.Release|Any CPU.ActiveCfg = Release|Any CPU
		{52EA5827-007C-4328-85CD-56871F41F254}.Release|Any CPU.Build.0 = Release|Any CPU
		{52EA5827-007C-4328-85CD-56871F41F254}.Release|x64.ActiveCfg = Release|Any CPU
		{52EA5827-007C-4328-85CD-56871F41F254}.Release|x64.Build.0 = Release|Any CPU
		{52EA5827-007C-4328-85CD-56871F41F254}.Release|x86.ActiveCfg = Release|Any CPU
		{52EA5827-007C-4328-85CD-56871F41F254}.Release|x86.Build.0 = Release|Any CPU
		{EDE77A5B-D5B7-43CB-9752-A147CB30955D}.Debug|Any CPU.ActiveCfg = Debug|Any CPU
		{EDE77A5B-D5B7-43CB-9752-A147CB30955D}.Debug|Any CPU.Build.0 = Debug|Any CPU
		{EDE77A5B-D5B7-43CB-9752-A147CB30955D}.Debug|x64.ActiveCfg = Debug|Any CPU
		{EDE77A5B-D5B7-43CB-9752-A147CB30955D}.Debug|x64.Build.0 = Debug|Any CPU
		{EDE77A5B-D5B7-43CB-9752-A147CB30955D}.Debug|x86.ActiveCfg = Debug|Any CPU
		{EDE77A5B-D5B7-43CB-9752-A147CB30955D}.Debug|x86.Build.0 = Debug|Any CPU
		{EDE77A5B-D5B7-43CB-9752-A147CB30955D}.Release|Any CPU.ActiveCfg = Release|Any CPU
		{EDE77A5B-D5B7-43CB-9752-A147CB30955D}.Release|Any CPU.Build.0 = Release|Any CPU
		{EDE77A5B-D5B7-43CB-9752-A147CB30955D}.Release|x64.ActiveCfg = Release|Any CPU
		{EDE77A5B-D5B7-43CB-9752-A147CB30955D}.Release|x64.Build.0 = Release|Any CPU
		{EDE77A5B-D5B7-43CB-9752-A147CB30955D}.Release|x86.ActiveCfg = Release|Any CPU
		{EDE77A5B-D5B7-43CB-9752-A147CB30955D}.Release|x86.Build.0 = Release|Any CPU
		{657B7A47-296E-4304-AF59-29F06F159FA4}.Debug|Any CPU.ActiveCfg = Debug|Any CPU
		{657B7A47-296E-4304-AF59-29F06F159FA4}.Debug|Any CPU.Build.0 = Debug|Any CPU
		{657B7A47-296E-4304-AF59-29F06F159FA4}.Debug|x64.ActiveCfg = Debug|Any CPU
		{657B7A47-296E-4304-AF59-29F06F159FA4}.Debug|x64.Build.0 = Debug|Any CPU
		{657B7A47-296E-4304-AF59-29F06F159FA4}.Debug|x86.ActiveCfg = Debug|Any CPU
		{657B7A47-296E-4304-AF59-29F06F159FA4}.Debug|x86.Build.0 = Debug|Any CPU
		{657B7A47-296E-4304-AF59-29F06F159FA4}.Release|Any CPU.ActiveCfg = Release|Any CPU
		{657B7A47-296E-4304-AF59-29F06F159FA4}.Release|Any CPU.Build.0 = Release|Any CPU
		{657B7A47-296E-4304-AF59-29F06F159FA4}.Release|x64.ActiveCfg = Release|Any CPU
		{657B7A47-296E-4304-AF59-29F06F159FA4}.Release|x64.Build.0 = Release|Any CPU
		{657B7A47-296E-4304-AF59-29F06F159FA4}.Release|x86.ActiveCfg = Release|Any CPU
		{657B7A47-296E-4304-AF59-29F06F159FA4}.Release|x86.Build.0 = Release|Any CPU
	EndGlobalSection
	GlobalSection(NestedProjects) = preSolution
		{72FC373C-23D5-4904-A6F7-EEE2C992B955} = {CA892C6A-FBE9-408C-A1B2-BA491053B3EB}
		{77BC0FB3-66BB-4C9E-BC9F-916084FBAE54} = {CA892C6A-FBE9-408C-A1B2-BA491053B3EB}
		{38813D0B-D3E7-4FC3-8D9A-FBF149F4B26A} = {CA892C6A-FBE9-408C-A1B2-BA491053B3EB}
		{7F07476F-7D27-4713-8276-A48350887606} = {CA892C6A-FBE9-408C-A1B2-BA491053B3EB}
		{6CE20D85-7498-4E6A-A2A4-D02D18A4F10A} = {CA892C6A-FBE9-408C-A1B2-BA491053B3EB}
		{52EA5827-007C-4328-85CD-56871F41F254} = {500D1FE7-788D-46C6-A1BF-CF97A494E434}
		{EDE77A5B-D5B7-43CB-9752-A147CB30955D} = {500D1FE7-788D-46C6-A1BF-CF97A494E434}
		{657B7A47-296E-4304-AF59-29F06F159FA4} = {500D1FE7-788D-46C6-A1BF-CF97A494E434}
	EndGlobalSection
EndGlobal
